
Microsoft Visual Studio Solution File, Format Version 12.00
# Visual Studio Version 16
VisualStudioVersion = 16.0.30309.148
MinimumVisualStudioVersion = 10.0.40219.1
Project("{FAE04EC0-301F-11D3-BF4B-00C04F79EFBC}") = "Swagger", "Swagger\Swagger.csproj", "{2F7DC006-D7AF-4297-AB5A-DE46C07DC246}"
EndProject
Global
	GlobalSection(SolutionConfigurationPlatforms) = preSolution
		Debug|Any CPU = Debug|Any CPU
		Release|Any CPU = Release|Any CPU
	EndGlobalSection
	GlobalSection(ProjectConfigurationPlatforms) = postSolution
		{2F7DC006-D7AF-4297-AB5A-DE46C07DC246}.Debug|Any CPU.ActiveCfg = Debug|Any CPU
		{2F7DC006-D7AF-4297-AB5A-DE46C07DC246}.Debug|Any CPU.Build.0 = Debug|Any CPU
		{2F7DC006-D7AF-4297-AB5A-DE46C07DC246}.Release|Any CPU.ActiveCfg = Release|Any CPU
		{2F7DC006-D7AF-4297-AB5A-DE46C07DC246}.Release|Any CPU.Build.0 = Release|Any CPU
	EndGlobalSection
	GlobalSection(SolutionProperties) = preSolution
		HideSolutionNode = FALSE
	EndGlobalSection
	GlobalSection(ExtensibilityGlobals) = postSolution
		SolutionGuid = {AB33489A-6BDF-4944-93FA-58480D334F51}
	EndGlobalSection
EndGlobal
